
Microsoft Visual Studio Solution File, Format Version 12.00
# Visual Studio Version 17
VisualStudioVersion = 17.0.31717.71
MinimumVisualStudioVersion = 10.0.40219.1
Project("{9A19103F-16F7-4668-BE54-9A1E7A4F7556}") = "RulesEngine", "src\RulesEngine\RulesEngine.csproj", "{CD4DFE6A-083B-478E-8377-77F474833E30}"
EndProject
Project("{9A19103F-16F7-4668-BE54-9A1E7A4F7556}") = "RulesEngine.UnitTest", "test\RulesEngine.UnitTest\RulesEngine.UnitTest.csproj", "{50E0C2A5-E2C8-4B12-8C0E-B69F698A82BF}"
EndProject
Project("{9A19103F-16F7-4668-BE54-9A1E7A4F7556}") = "DemoApp", "demo\DemoApp\DemoApp.csproj", "{57BB8C07-799A-4F87-A7CC-D3D3F694DD02}"
	ProjectSection(ProjectDependencies) = postProject
		{CD4DFE6A-083B-478E-8377-77F474833E30} = {CD4DFE6A-083B-478E-8377-77F474833E30}
	EndProjectSection
EndProject
Project("{2150E333-8FDC-42A3-9474-1A3956D46DE8}") = "Solution Items", "Solution Items", "{019DF693-8442-45B4-88C3-55CB7AFCB42E}"
	ProjectSection(SolutionItems) = preProject
		.editorconfig = .editorconfig
		CHANGELOG.md = CHANGELOG.md
		global.json = global.json
		README.md = README.md
		schema\workflow-schema.json = schema\workflow-schema.json
	EndProjectSection
EndProject
Project("{9A19103F-16F7-4668-BE54-9A1E7A4F7556}") = "RulesEngineBenchmark", "benchmark\RulesEngineBenchmark\RulesEngineBenchmark.csproj", "{C058809F-C720-4EFC-925D-A486627B238B}"
	ProjectSection(ProjectDependencies) = postProject
		{CD4DFE6A-083B-478E-8377-77F474833E30} = {CD4DFE6A-083B-478E-8377-77F474833E30}
	EndProjectSection
EndProject
Project("{9A19103F-16F7-4668-BE54-9A1E7A4F7556}") = "DemoApp.EFDataExample", "demo\DemoApp.EFDataExample\DemoApp.EFDataExample.csproj", "{E376D3E6-6890-4C09-9EA0-3EFD9C1E036D}"
EndProject
Global
	GlobalSection(SolutionConfigurationPlatforms) = preSolution
		Debug|Any CPU = Debug|Any CPU
		Release|Any CPU = Release|Any CPU
	EndGlobalSection
	GlobalSection(ProjectConfigurationPlatforms) = postSolution
		{CD4DFE6A-083B-478E-8377-77F474833E30}.Debug|Any CPU.ActiveCfg = Debug|Any CPU
		{CD4DFE6A-083B-478E-8377-77F474833E30}.Debug|Any CPU.Build.0 = Debug|Any CPU
		{CD4DFE6A-083B-478E-8377-77F474833E30}.Release|Any CPU.ActiveCfg = Release|Any CPU
		{CD4DFE6A-083B-478E-8377-77F474833E30}.Release|Any CPU.Build.0 = Release|Any CPU
		{50E0C2A5-E2C8-4B12-8C0E-B69F698A82BF}.Debug|Any CPU.ActiveCfg = Debug|Any CPU
		{50E0C2A5-E2C8-4B12-8C0E-B69F698A82BF}.Debug|Any CPU.Build.0 = Debug|Any CPU
		{50E0C2A5-E2C8-4B12-8C0E-B69F698A82BF}.Release|Any CPU.ActiveCfg = Release|Any CPU
		{50E0C2A5-E2C8-4B12-8C0E-B69F698A82BF}.Release|Any CPU.Build.0 = Release|Any CPU
		{57BB8C07-799A-4F87-A7CC-D3D3F694DD02}.Debug|Any CPU.ActiveCfg = Debug|Any CPU
		{57BB8C07-799A-4F87-A7CC-D3D3F694DD02}.Debug|Any CPU.Build.0 = Debug|Any CPU
		{57BB8C07-799A-4F87-A7CC-D3D3F694DD02}.Release|Any CPU.ActiveCfg = Release|Any CPU
		{57BB8C07-799A-4F87-A7CC-D3D3F694DD02}.Release|Any CPU.Build.0 = Release|Any CPU
		{C058809F-C720-4EFC-925D-A486627B238B}.Debug|Any CPU.ActiveCfg = Debug|Any CPU
		{C058809F-C720-4EFC-925D-A486627B238B}.Debug|Any CPU.Build.0 = Debug|Any CPU
		{C058809F-C720-4EFC-925D-A486627B238B}.Release|Any CPU.ActiveCfg = Release|Any CPU
		{C058809F-C720-4EFC-925D-A486627B238B}.Release|Any CPU.Build.0 = Release|Any CPU
		{E376D3E6-6890-4C09-9EA0-3EFD9C1E036D}.Debug|Any CPU.ActiveCfg = Debug|Any CPU
		{E376D3E6-6890-4C09-9EA0-3EFD9C1E036D}.Debug|Any CPU.Build.0 = Debug|Any CPU
		{E376D3E6-6890-4C09-9EA0-3EFD9C1E036D}.Release|Any CPU.ActiveCfg = Release|Any CPU
		{E376D3E6-6890-4C09-9EA0-3EFD9C1E036D}.Release|Any CPU.Build.0 = Release|Any CPU
	EndGlobalSection
	GlobalSection(SolutionProperties) = preSolution
		HideSolutionNode = FALSE
	EndGlobalSection
	GlobalSection(ExtensibilityGlobals) = postSolution
		SolutionGuid = {E1F2EC8E-4005-4DFE-90ED-296D4592867A}
	EndGlobalSection
EndGlobal
